
Microsoft Visual Studio Solution File, Format Version 12.00
# Visual Studio 14
VisualStudioVersion = 14.0.23107.0
MinimumVisualStudioVersion = 10.0.40219.1
Project("{FAE04EC0-301F-11D3-BF4B-00C04F79EFBC}") = "Tests.Unit", "src\Tests.Unit\Tests.Unit.csproj", "{0C4BA967-D79B-4F50-880B-D576E3D2211A}"
EndProject
Project("{2150E333-8FDC-42A3-9474-1A3956D46DE8}") = "Solution Items", "Solution Items", "{18E9E6FF-C7F4-425E-B4BD-BE901F036D51}"
EndProject
Project("{FAE04EC0-301F-11D3-BF4B-00C04F79EFBC}") = "Checkout.Domain", "src\Checkout.Domain\Checkout.Domain.csproj", "{3AEF5FD7-2930-4FEB-827C-F926F2C99A08}"
EndProject
Global
	GlobalSection(SolutionConfigurationPlatforms) = preSolution
		Debug|Any CPU = Debug|Any CPU
		Release|Any CPU = Release|Any CPU
	EndGlobalSection
	GlobalSection(ProjectConfigurationPlatforms) = postSolution
		{0C4BA967-D79B-4F50-880B-D576E3D2211A}.Debug|Any CPU.ActiveCfg = Debug|Any CPU
		{0C4BA967-D79B-4F50-880B-D576E3D2211A}.Debug|Any CPU.Build.0 = Debug|Any CPU
		{0C4BA967-D79B-4F50-880B-D576E3D2211A}.Release|Any CPU.ActiveCfg = Release|Any CPU
		{0C4BA967-D79B-4F50-880B-D576E3D2211A}.Release|Any CPU.Build.0 = Release|Any CPU
		{3AEF5FD7-2930-4FEB-827C-F926F2C99A08}.Debug|Any CPU.ActiveCfg = Debug|Any CPU
		{3AEF5FD7-2930-4FEB-827C-F926F2C99A08}.Debug|Any CPU.Build.0 = Debug|Any CPU
		{3AEF5FD7-2930-4FEB-827C-F926F2C99A08}.Release|Any CPU.ActiveCfg = Release|Any CPU
		{3AEF5FD7-2930-4FEB-827C-F926F2C99A08}.Release|Any CPU.Build.0 = Release|Any CPU
	EndGlobalSection
	GlobalSection(SolutionProperties) = preSolution
		HideSolutionNode = FALSE
	EndGlobalSection
EndGlobal
